
Microsoft Visual Studio Solution File, Format Version 12.00
# Visual Studio Version 17
VisualStudioVersion = 17.3.32929.385
MinimumVisualStudioVersion = 10.0.40219.1
Project("{8BC9CEB8-8B4A-11D0-8D11-00A0C91BC942}") = "ДокументооборотТест", "ДокументооборотТест.vcxproj", "{A3F77B1B-6A55-49A3-AC27-3BCD9AE7E153}"
EndProject
Global
	GlobalSection(SolutionConfigurationPlatforms) = preSolution
		Debug|x64 = Debug|x64
		Debug|x86 = Debug|x86
		Release|x64 = Release|x64
		Release|x86 = Release|x86
	EndGlobalSection
	GlobalSection(ProjectConfigurationPlatforms) = postSolution
		{A3F77B1B-6A55-49A3-AC27-3BCD9AE7E153}.Debug|x64.ActiveCfg = Debug|x64
		{A3F77B1B-6A55-49A3-AC27-3BCD9AE7E153}.Debug|x64.Build.0 = Debug|x64
		{A3F77B1B-6A55-49A3-AC27-3BCD9AE7E153}.Debug|x86.ActiveCfg = Debug|Win32
		{A3F77B1B-6A55-49A3-AC27-3BCD9AE7E153}.Debug|x86.Build.0 = Debug|Win32
		{A3F77B1B-6A55-49A3-AC27-3BCD9AE7E153}.Release|x64.ActiveCfg = Release|x64
		{A3F77B1B-6A55-49A3-AC27-3BCD9AE7E153}.Release|x64.Build.0 = Release|x64
		{A3F77B1B-6A55-49A3-AC27-3BCD9AE7E153}.Release|x86.ActiveCfg = Release|Win32
		{A3F77B1B-6A55-49A3-AC27-3BCD9AE7E153}.Release|x86.Build.0 = Release|Win32
	EndGlobalSection
	GlobalSection(SolutionProperties) = preSolution
		HideSolutionNode = FALSE
	EndGlobalSection
	GlobalSection(ExtensibilityGlobals) = postSolution
		SolutionGuid = {C84E4B2F-794D-4DC3-946F-658693138AF3}
	EndGlobalSection
EndGlobal
